
Microsoft Visual Studio Solution File, Format Version 12.00
# Visual Studio Version 17
VisualStudioVersion = 17.5.33424.131
MinimumVisualStudioVersion = 10.0.40219.1
Project("{9A19103F-16F7-4668-BE54-9A1E7A4F7556}") = "FlatBuffers.Sender", "FlatBuffers.Sender\FlatBuffers.Sender.csproj", "{A1C31CC4-4466-443C-AEE0-AC517AAE45C8}"
EndProject
Project("{9A19103F-16F7-4668-BE54-9A1E7A4F7556}") = "FlatBuffers.Receiver", "FlatBuffers.Receiver\FlatBuffers.Receiver.csproj", "{B25B4358-1E2E-42B8-A939-77768EC2D097}"
EndProject
Project("{2150E333-8FDC-42A3-9474-1A3956D46DE8}") = "Solution Items", "Solution Items", "{C4F3830E-B324-4945-93F3-63F5AFA16F09}"
	ProjectSection(SolutionItems) = preProject
		csharp_example.sh = csharp_example.sh
	EndProjectSection
EndProject
Project("{FAE04EC0-301F-11D3-BF4B-00C04F79EFBC}") = "FlatBuffers.Domain", "FlatBuffers.Domain\FlatBuffers.Domain.csproj", "{81EC4F91-FF3A-4C9D-9073-D86B434D01A2}"
EndProject
Global
	GlobalSection(SolutionConfigurationPlatforms) = preSolution
		Debug|Any CPU = Debug|Any CPU
		Release|Any CPU = Release|Any CPU
	EndGlobalSection
	GlobalSection(ProjectConfigurationPlatforms) = postSolution
		{A1C31CC4-4466-443C-AEE0-AC517AAE45C8}.Debug|Any CPU.ActiveCfg = Debug|Any CPU
		{A1C31CC4-4466-443C-AEE0-AC517AAE45C8}.Debug|Any CPU.Build.0 = Debug|Any CPU
		{A1C31CC4-4466-443C-AEE0-AC517AAE45C8}.Release|Any CPU.ActiveCfg = Release|Any CPU
		{A1C31CC4-4466-443C-AEE0-AC517AAE45C8}.Release|Any CPU.Build.0 = Release|Any CPU
		{B25B4358-1E2E-42B8-A939-77768EC2D097}.Debug|Any CPU.ActiveCfg = Debug|Any CPU
		{B25B4358-1E2E-42B8-A939-77768EC2D097}.Debug|Any CPU.Build.0 = Debug|Any CPU
		{B25B4358-1E2E-42B8-A939-77768EC2D097}.Release|Any CPU.ActiveCfg = Release|Any CPU
		{B25B4358-1E2E-42B8-A939-77768EC2D097}.Release|Any CPU.Build.0 = Release|Any CPU
		{81EC4F91-FF3A-4C9D-9073-D86B434D01A2}.Debug|Any CPU.ActiveCfg = Debug|Any CPU
		{81EC4F91-FF3A-4C9D-9073-D86B434D01A2}.Debug|Any CPU.Build.0 = Debug|Any CPU
		{81EC4F91-FF3A-4C9D-9073-D86B434D01A2}.Release|Any CPU.ActiveCfg = Release|Any CPU
		{81EC4F91-FF3A-4C9D-9073-D86B434D01A2}.Release|Any CPU.Build.0 = Release|Any CPU
	EndGlobalSection
	GlobalSection(SolutionProperties) = preSolution
		HideSolutionNode = FALSE
	EndGlobalSection
	GlobalSection(ExtensibilityGlobals) = postSolution
		SolutionGuid = {41BFC5F6-3F6F-4764-8C06-E845D8345614}
	EndGlobalSection
EndGlobal
